
Microsoft Visual Studio Solution File, Format Version 11.00
# Visual Studio 2010
# SharpDevelop 4.4
Project("{FAE04EC0-301F-11D3-BF4B-00C04F79EFBC}") = "Practica_2", "Practica_2.csproj", "{D4AADE8B-DD38-48E6-8074-B73876062016}"
EndProject
Global
	GlobalSection(SolutionConfigurationPlatforms) = preSolution
		Debug|Any CPU = Debug|Any CPU
		Release|Any CPU = Release|Any CPU
	EndGlobalSection
	GlobalSection(ProjectConfigurationPlatforms) = postSolution
		{D4AADE8B-DD38-48E6-8074-B73876062016}.Debug|Any CPU.Build.0 = Debug|Any CPU
		{D4AADE8B-DD38-48E6-8074-B73876062016}.Debug|Any CPU.ActiveCfg = Debug|Any CPU
		{D4AADE8B-DD38-48E6-8074-B73876062016}.Release|Any CPU.Build.0 = Release|Any CPU
		{D4AADE8B-DD38-48E6-8074-B73876062016}.Release|Any CPU.ActiveCfg = Release|Any CPU
	EndGlobalSection
EndGlobal
